
Microsoft Visual Studio Solution File, Format Version 12.00
# Visual Studio Version 16
VisualStudioVersion = 16.0.29209.62
MinimumVisualStudioVersion = 10.0.40219.1
Project("{FAE04EC0-301F-11D3-BF4B-00C04F79EFBC}") = "BambooRest", "BambooRest\BambooRest.csproj", "{EB18CDC0-96D2-4B34-B6E8-626A5196A348}"
EndProject
Global
	GlobalSection(SolutionConfigurationPlatforms) = preSolution
		Debug|Any CPU = Debug|Any CPU
		Release|Any CPU = Release|Any CPU
	EndGlobalSection
	GlobalSection(ProjectConfigurationPlatforms) = postSolution
		{EB18CDC0-96D2-4B34-B6E8-626A5196A348}.Debug|Any CPU.ActiveCfg = Debug|Any CPU
		{EB18CDC0-96D2-4B34-B6E8-626A5196A348}.Debug|Any CPU.Build.0 = Debug|Any CPU
		{EB18CDC0-96D2-4B34-B6E8-626A5196A348}.Release|Any CPU.ActiveCfg = Release|Any CPU
		{EB18CDC0-96D2-4B34-B6E8-626A5196A348}.Release|Any CPU.Build.0 = Release|Any CPU
	EndGlobalSection
	GlobalSection(SolutionProperties) = preSolution
		HideSolutionNode = FALSE
	EndGlobalSection
	GlobalSection(ExtensibilityGlobals) = postSolution
		SolutionGuid = {E99946C2-575E-4349-A565-DA59C33753FE}
	EndGlobalSection
EndGlobal
